
Microsoft Visual Studio Solution File, Format Version 12.00
# Visual Studio Version 17
VisualStudioVersion = 17.8.34511.84
MinimumVisualStudioVersion = 10.0.40219.1
Project("{FAE04EC0-301F-11D3-BF4B-00C04F79EFBC}") = "ApiRestUdemy", "ApiRestUdemy\ApiRestUdemy.csproj", "{1E24DA7B-158F-4E01-8DC5-024DD364A465}"
EndProject
Global
	GlobalSection(SolutionConfigurationPlatforms) = preSolution
		Debug|Any CPU = Debug|Any CPU
		Release|Any CPU = Release|Any CPU
	EndGlobalSection
	GlobalSection(ProjectConfigurationPlatforms) = postSolution
		{1E24DA7B-158F-4E01-8DC5-024DD364A465}.Debug|Any CPU.ActiveCfg = Debug|Any CPU
		{1E24DA7B-158F-4E01-8DC5-024DD364A465}.Debug|Any CPU.Build.0 = Debug|Any CPU
		{1E24DA7B-158F-4E01-8DC5-024DD364A465}.Release|Any CPU.ActiveCfg = Release|Any CPU
		{1E24DA7B-158F-4E01-8DC5-024DD364A465}.Release|Any CPU.Build.0 = Release|Any CPU
	EndGlobalSection
	GlobalSection(SolutionProperties) = preSolution
		HideSolutionNode = FALSE
	EndGlobalSection
	GlobalSection(ExtensibilityGlobals) = postSolution
		SolutionGuid = {7259378A-7A53-43C3-B8EB-A4986F860E46}
	EndGlobalSection
EndGlobal
